<?xml version="1.0" encoding="utf-8"?>
<Project ToolsVersion="17.0" xmlns="http://schemas.microsoft.com/developer/msbuild/2003">
  <ItemGroup>
    <CustomBuild Include="D:\dev\repo\VulkanRenderer\Engine\CMake\VrixicEngineBuild\CMakeFiles\353520155009b7d9a8a120e7c9a0a150\generate.stamp.rule">
      <Filter>CMake Rules</Filter>
    </CustomBuild>
  </ItemGroup>
  <ItemGroup>
    <Filter Include="CMake Rules">
      <UniqueIdentifier>{F069453B-2D4C-3075-A007-2D9A109518B6}</UniqueIdentifier>
    </Filter>
  </ItemGroup>
</Project>
