<?xml version="1.0" encoding="utf-8"?>
<Project ToolsVersion="17.0" xmlns="http://schemas.microsoft.com/developer/msbuild/2003">
  <ItemGroup>
    <ClCompile Include="D:\dev\repo\VulkanRenderer\Engine\Source\Runtime\EntryPoint\EntryPoint.cpp">
      <Filter>Source\Runtime\EntryPoint</Filter>
    </ClCompile>
    <ClCompile Include="D:\dev\repo\VulkanRenderer\Engine\Source\Runtime\Graphics\Vulkan\VulkanBuffer.cpp">
      <Filter>Source\Runtime\Graphics\Vulkan</Filter>
    </ClCompile>
    <ClCompile Include="D:\dev\repo\VulkanRenderer\Engine\Source\Runtime\Graphics\Vulkan\VulkanCommandBuffer.cpp">
      <Filter>Source\Runtime\Graphics\Vulkan</Filter>
    </ClCompile>
    <ClCompile Include="D:\dev\repo\VulkanRenderer\Engine\Source\Runtime\Graphics\Vulkan\VulkanDescriptorSet.cpp">
      <Filter>Source\Runtime\Graphics\Vulkan</Filter>
    </ClCompile>
    <ClCompile Include="D:\dev\repo\VulkanRenderer\Engine\Source\Runtime\Graphics\Vulkan\VulkanDevice.cpp">
      <Filter>Source\Runtime\Graphics\Vulkan</Filter>
    </ClCompile>
    <ClCompile Include="D:\dev\repo\VulkanRenderer\Engine\Source\Runtime\Graphics\Vulkan\VulkanFrameBuffer.cpp">
      <Filter>Source\Runtime\Graphics\Vulkan</Filter>
    </ClCompile>
    <ClCompile Include="D:\dev\repo\VulkanRenderer\Engine\Source\Runtime\Graphics\Vulkan\VulkanPipeline.cpp">
      <Filter>Source\Runtime\Graphics\Vulkan</Filter>
    </ClCompile>
    <ClCompile Include="D:\dev\repo\VulkanRenderer\Engine\Source\Runtime\Graphics\Vulkan\VulkanRenderLayout.cpp">
      <Filter>Source\Runtime\Graphics\Vulkan</Filter>
    </ClCompile>
    <ClCompile Include="D:\dev\repo\VulkanRenderer\Engine\Source\Runtime\Graphics\Vulkan\VulkanRenderPass.cpp">
      <Filter>Source\Runtime\Graphics\Vulkan</Filter>
    </ClCompile>
    <ClCompile Include="D:\dev\repo\VulkanRenderer\Engine\Source\Runtime\Graphics\Vulkan\VulkanShader.cpp">
      <Filter>Source\Runtime\Graphics\Vulkan</Filter>
    </ClCompile>
    <ClCompile Include="D:\dev\repo\VulkanRenderer\Engine\Source\Runtime\Graphics\Vulkan\VulkanTextureView.cpp">
      <Filter>Source\Runtime\Graphics\Vulkan</Filter>
    </ClCompile>
    <ClCompile Include="D:\dev\repo\VulkanRenderer\Engine\Source\Runtime\Memory\Vulkan\VulkanResourceManager.cpp">
      <Filter>Source\Runtime\Memory\Vulkan</Filter>
    </ClCompile>
    <ClCompile Include="D:\dev\repo\VulkanRenderer\Engine\Source\Runtime\Memory\ResourceManager.cpp">
      <Filter>Source\Runtime\Memory</Filter>
    </ClCompile>
  </ItemGroup>
  <ItemGroup>
    <ClInclude Include="D:\dev\repo\VulkanRenderer\Engine\Source\Misc\Defines\GenericDefines.h">
      <Filter>Source\Misc\Defines</Filter>
    </ClInclude>
    <ClInclude Include="D:\dev\repo\VulkanRenderer\Engine\Source\Runtime\File\FileHelper.h">
      <Filter>Source\Runtime\File</Filter>
    </ClInclude>
    <ClInclude Include="D:\dev\repo\VulkanRenderer\Engine\Source\Runtime\File\FileManager.h">
      <Filter>Source\Runtime\File</Filter>
    </ClInclude>
    <ClInclude Include="D:\dev\repo\VulkanRenderer\Engine\Source\Runtime\File\FileReader.h">
      <Filter>Source\Runtime\File</Filter>
    </ClInclude>
    <ClInclude Include="D:\dev\repo\VulkanRenderer\Engine\Source\Runtime\Graphics\Vulkan\VulkanBuffer.h">
      <Filter>Source\Runtime\Graphics\Vulkan</Filter>
    </ClInclude>
    <ClInclude Include="D:\dev\repo\VulkanRenderer\Engine\Source\Runtime\Graphics\Vulkan\VulkanCommandBuffer.h">
      <Filter>Source\Runtime\Graphics\Vulkan</Filter>
    </ClInclude>
    <ClInclude Include="D:\dev\repo\VulkanRenderer\Engine\Source\Runtime\Graphics\Vulkan\VulkanDescriptorSet.h">
      <Filter>Source\Runtime\Graphics\Vulkan</Filter>
    </ClInclude>
    <ClInclude Include="D:\dev\repo\VulkanRenderer\Engine\Source\Runtime\Graphics\Vulkan\VulkanDevice.h">
      <Filter>Source\Runtime\Graphics\Vulkan</Filter>
    </ClInclude>
    <ClInclude Include="D:\dev\repo\VulkanRenderer\Engine\Source\Runtime\Graphics\Vulkan\VulkanFrameBuffer.h">
      <Filter>Source\Runtime\Graphics\Vulkan</Filter>
    </ClInclude>
    <ClInclude Include="D:\dev\repo\VulkanRenderer\Engine\Source\Runtime\Graphics\Vulkan\VulkanPipeline.h">
      <Filter>Source\Runtime\Graphics\Vulkan</Filter>
    </ClInclude>
    <ClInclude Include="D:\dev\repo\VulkanRenderer\Engine\Source\Runtime\Graphics\Vulkan\VulkanRenderLayout.h">
      <Filter>Source\Runtime\Graphics\Vulkan</Filter>
    </ClInclude>
    <ClInclude Include="D:\dev\repo\VulkanRenderer\Engine\Source\Runtime\Graphics\Vulkan\VulkanRenderPass.h">
      <Filter>Source\Runtime\Graphics\Vulkan</Filter>
    </ClInclude>
    <ClInclude Include="D:\dev\repo\VulkanRenderer\Engine\Source\Runtime\Graphics\Vulkan\VulkanShader.h">
      <Filter>Source\Runtime\Graphics\Vulkan</Filter>
    </ClInclude>
    <ClInclude Include="D:\dev\repo\VulkanRenderer\Engine\Source\Runtime\Graphics\Vulkan\VulkanTextureView.h">
      <Filter>Source\Runtime\Graphics\Vulkan</Filter>
    </ClInclude>
    <ClInclude Include="D:\dev\repo\VulkanRenderer\Engine\Source\Runtime\Graphics\Vulkan\VulkanUtils.h">
      <Filter>Source\Runtime\Graphics\Vulkan</Filter>
    </ClInclude>
    <ClInclude Include="D:\dev\repo\VulkanRenderer\Engine\Source\Runtime\Memory\Core\LinearMemoryAllocater.h">
      <Filter>Source\Runtime\Memory\Core</Filter>
    </ClInclude>
    <ClInclude Include="D:\dev\repo\VulkanRenderer\Engine\Source\Runtime\Memory\Core\MemoryAllocater.h">
      <Filter>Source\Runtime\Memory\Core</Filter>
    </ClInclude>
    <ClInclude Include="D:\dev\repo\VulkanRenderer\Engine\Source\Runtime\Memory\Core\MemoryManager.h">
      <Filter>Source\Runtime\Memory\Core</Filter>
    </ClInclude>
    <ClInclude Include="D:\dev\repo\VulkanRenderer\Engine\Source\Runtime\Memory\Core\MemoryPool.h">
      <Filter>Source\Runtime\Memory\Core</Filter>
    </ClInclude>
    <ClInclude Include="D:\dev\repo\VulkanRenderer\Engine\Source\Runtime\Memory\Vulkan\VulkanResourceManager.h">
      <Filter>Source\Runtime\Memory\Vulkan</Filter>
    </ClInclude>
    <ClInclude Include="D:\dev\repo\VulkanRenderer\Engine\Source\Runtime\Memory\ResourceManager.h">
      <Filter>Source\Runtime\Memory</Filter>
    </ClInclude>
    <ClInclude Include="D:\dev\repo\VulkanRenderer\Engine\Source\Runtime\Memory\ResourceManagerImp.h">
      <Filter>Source\Runtime\Memory</Filter>
    </ClInclude>
    <ClInclude Include="..\Source\Runtime\Memory\Core\StackMemoryAllocater.h">
      <Filter>Source\Runtime\Memory\Core</Filter>
    </ClInclude>
    <ClInclude Include="..\Source\Runtime\Memory\Core\DoubleEndedStackMemoryAllocater.h">
      <Filter>Source\Runtime\Memory\Core</Filter>
    </ClInclude>
  </ItemGroup>
  <ItemGroup>
    <CustomBuild Include="D:\dev\repo\VulkanRenderer\Engine\CMake\CMakeLists.txt" />
  </ItemGroup>
  <ItemGroup>
    <Filter Include="Source">
      <UniqueIdentifier>{B8A786FE-BBEF-3E69-A7FE-0881AE2BFE2A}</UniqueIdentifier>
    </Filter>
    <Filter Include="Source\Misc">
      <UniqueIdentifier>{7130BA05-F410-3E5E-BA58-AE30CACC99FF}</UniqueIdentifier>
    </Filter>
    <Filter Include="Source\Misc\Defines">
      <UniqueIdentifier>{3AC227CB-A5CA-3A27-8309-7F808BA741F1}</UniqueIdentifier>
    </Filter>
    <Filter Include="Source\Runtime">
      <UniqueIdentifier>{C9AACF62-DBDD-3D3A-81EF-891EE1CC9B86}</UniqueIdentifier>
    </Filter>
    <Filter Include="Source\Runtime\EntryPoint">
      <UniqueIdentifier>{5E91693F-9F2A-3CF1-B08C-5AE252DE02F6}</UniqueIdentifier>
    </Filter>
    <Filter Include="Source\Runtime\File">
      <UniqueIdentifier>{4530E59D-911B-3DEA-8105-A45E6E854DC0}</UniqueIdentifier>
    </Filter>
    <Filter Include="Source\Runtime\Graphics">
      <UniqueIdentifier>{E43575CE-29A1-348B-975A-2BBF929139C0}</UniqueIdentifier>
    </Filter>
    <Filter Include="Source\Runtime\Graphics\Vulkan">
      <UniqueIdentifier>{365CCDEC-D87D-3DDE-A0E1-B8E82AFC7CF5}</UniqueIdentifier>
    </Filter>
    <Filter Include="Source\Runtime\Memory">
      <UniqueIdentifier>{DA5635FB-7D53-3089-BC46-68CA0CF1BA5A}</UniqueIdentifier>
    </Filter>
    <Filter Include="Source\Runtime\Memory\Core">
      <UniqueIdentifier>{8330645E-186F-36D6-813F-995A662ABAE8}</UniqueIdentifier>
    </Filter>
    <Filter Include="Source\Runtime\Memory\Vulkan">
      <UniqueIdentifier>{56F6E675-580E-30A4-B6E6-823C19A971CA}</UniqueIdentifier>
    </Filter>
  </ItemGroup>
</Project>